{
  "name": "version_modulo",
  "version": "1.0.0",
  "lockfileVersion": 3,
  "requires": true,
  "packages": {
    "": {
      "name": "version_modulo",
      "version": "1.0.0",
      "license": "ISC",
      "dependencies": {
        "chance": "^1.1.11",
        "change": "^0.0.0"
      }
    },
    "node_modules/chance": {
      "version": "1.1.11",
      "resolved": "https://registry.npmjs.org/chance/-/chance-1.1.11.tgz",
      "integrity": "sha512-kqTg3WWywappJPqtgrdvbA380VoXO2eu9VCV895JgbyHsaErXdyHK9LOZ911OvAk6L0obK7kDk9CGs8+oBawVA=="
    },
    "node_modules/change": {
      "version": "0.0.0",
      "resolved": "https://registry.npmjs.org/change/-/change-0.0.0.tgz",
      "integrity": "sha512-uwls3M+xfdh1fvgsPC23+NPjB80LeAZwNhZex3txyva2yZIv/6XXkK0yd44ZKKodRFFH0OGLljBr8VmQVxQCdQ==",
      "engines": {
        "node": "*"
      }
    }
  }
}
